{
  "name": "@extra-npm/folders",
  "version": "1.0.1",
  "lockfileVersion": 2,
  "requires": true,
  "packages": {
    "": {
      "name": "@extra-npm/folders",
      "version": "1.0.1",
      "license": "MIT",
      "devDependencies": {
        "@extra-npm/config": "^1.0.1"
      }
    },
    "node_modules/@extra-npm/config": {
      "version": "1.0.1",
      "resolved": "https://registry.npmjs.org/@extra-npm/config/-/config-1.0.1.tgz",
      "integrity": "sha512-w2QBChJIrkaj1OJOrg+4Z+q3aVvUlOrjGHomnEvHy7dvk4/xjvQI701msCLYVOeCn8jKusUV5QGmT7xszw3sRQ==",
      "dev": true,
      "dependencies": {
        "ini": "^2.0.0"
      }
    },
    "node_modules/ini": {
      "version": "2.0.0",
      "resolved": "https://registry.npmjs.org/ini/-/ini-2.0.0.tgz",
      "integrity": "sha512-7PnF4oN3CvZF23ADhA5wRaYEQpJ8qygSkbtTXWBeXWXmEVRXK+1ITciHWwHhsjv1TmW0MgacIv6hEi5pX5NQdA==",
      "dev": true,
      "engines": {
        "node": ">=10"
      }
    }
  },
  "dependencies": {
    "@extra-npm/config": {
      "version": "1.0.1",
      "resolved": "https://registry.npmjs.org/@extra-npm/config/-/config-1.0.1.tgz",
      "integrity": "sha512-w2QBChJIrkaj1OJOrg+4Z+q3aVvUlOrjGHomnEvHy7dvk4/xjvQI701msCLYVOeCn8jKusUV5QGmT7xszw3sRQ==",
      "dev": true,
      "requires": {
        "ini": "^2.0.0"
      }
    },
    "ini": {
      "version": "2.0.0",
      "resolved": "https://registry.npmjs.org/ini/-/ini-2.0.0.tgz",
      "integrity": "sha512-7PnF4oN3CvZF23ADhA5wRaYEQpJ8qygSkbtTXWBeXWXmEVRXK+1ITciHWwHhsjv1TmW0MgacIv6hEi5pX5NQdA==",
      "dev": true
    }
  }
}
